// !$*UTF8*$!
{
	archiveVersion = 1;
	classes = {
	};
	objectVersion = 50;
	objects = {

/* Begin PBXBuildFile section */
		417D67A825069B7400FA19BA /* AppDelegate.swift in Sources */ = {isa = PBXBuildFile; fileRef = 417D67A725069B7400FA19BA /* AppDelegate.swift */; };
		417D67AA25069B7400FA19BA /* SceneDelegate.swift in Sources */ = {isa = PBXBuildFile; fileRef = 417D67A925069B7400FA19BA /* SceneDelegate.swift */; };
		417D67AC25069B7400FA19BA /* ViewController.swift in Sources */ = {isa = PBXBuildFile; fileRef = 417D67AB25069B7400FA19BA /* ViewController.swift */; };
		417D67AF25069B7400FA19BA /* Main.storyboard in Resources */ = {isa = PBXBuildFile; fileRef = 417D67AD25069B7400FA19BA /* Main.storyboard */; };
		417D67B125069B7600FA19BA /* Assets.xcassets in Resources */ = {isa = PBXBuildFile; fileRef = 417D67B025069B7600FA19BA /* Assets.xcassets */; };
		417D67B425069B7600FA19BA /* LaunchScreen.storyboard in Resources */ = {isa = PBXBuildFile; fileRef = 417D67B225069B7600FA19BA /* LaunchScreen.storyboard */; };
		417D67BF25069B7600FA19BA /* StampTests.swift in Sources */ = {isa = PBXBuildFile; fileRef = 417D67BE25069B7600FA19BA /* StampTests.swift */; };
		417D67CA25069B7600FA19BA /* StampUITests.swift in Sources */ = {isa = PBXBuildFile; fileRef = 417D67C925069B7600FA19BA /* StampUITests.swift */; };
		417D67FC25069CF800FA19BA /* hana.png in Resources */ = {isa = PBXBuildFile; fileRef = 417D67F725069CF800FA19BA /* hana.png */; };
		417D67FD25069CF800FA19BA /* onpu.png in Resources */ = {isa = PBXBuildFile; fileRef = 417D67F825069CF800FA19BA /* onpu.png */; };
		417D67FE25069CF800FA19BA /* hoshi.png in Resources */ = {isa = PBXBuildFile; fileRef = 417D67F925069CF800FA19BA /* hoshi.png */; };
		417D67FF25069CF800FA19BA /* background.png in Resources */ = {isa = PBXBuildFile; fileRef = 417D67FA25069CF800FA19BA /* background.png */; };
		417D680025069CF800FA19BA /* shitumon.png in Resources */ = {isa = PBXBuildFile; fileRef = 417D67FB25069CF800FA19BA /* shitumon.png */; };
/* End PBXBuildFile section */

/* Begin PBXContainerItemProxy section */
		417D67BB25069B7600FA19BA /* PBXContainerItemProxy */ = {
			isa = PBXContainerItemProxy;
			containerPortal = 417D679C25069B7400FA19BA /* Project object */;
			proxyType = 1;
			remoteGlobalIDString = 417D67A325069B7400FA19BA;
			remoteInfo = Stamp;
		};
		417D67C625069B7600FA19BA /* PBXContainerItemProxy */ = {
			isa = PBXContainerItemProxy;
			containerPortal = 417D679C25069B7400FA19BA /* Project object */;
			proxyType = 1;
			remoteGlobalIDString = 417D67A325069B7400FA19BA;
			remoteInfo = Stamp;
		};
/* End PBXContainerItemProxy section */

/* Begin PBXFileReference section */
		417D67A425069B7400FA19BA /* Stamp.app */ = {isa = PBXFileReference; explicitFileType = wrapper.application; includeInIndex = 0; path = Stamp.app; sourceTree = BUILT_PRODUCTS_DIR; };
		417D67A725069B7400FA19BA /* AppDelegate.swift */ = {isa = PBXFileReference; lastKnownFileType = sourcecode.swift; path = AppDelegate.swift; sourceTree = "<group>"; };
		417D67A925069B7400FA19BA /* SceneDelegate.swift */ = {isa = PBXFileReference; lastKnownFileType = sourcecode.swift; path = SceneDelegate.swift; sourceTree = "<group>"; };
		417D67AB25069B7400FA19BA /* ViewController.swift */ = {isa = PBXFileReference; lastKnownFileType = sourcecode.swift; path = ViewController.swift; sourceTree = "<group>"; };
		417D67AE25069B7400FA19BA /* Base */ = {isa = PBXFileReference; lastKnownFileType = file.storyboard; name = Base; path = Base.lproj/Main.storyboard; sourceTree = "<group>"; };
		417D67B025069B7600FA19BA /* Assets.xcassets */ = {isa = PBXFileReference; lastKnownFileType = folder.assetcatalog; path = Assets.xcassets; sourceTree = "<group>"; };
		417D67B325069B7600FA19BA /* Base */ = {isa = PBXFileReference; lastKnownFileType = file.storyboard; name = Base; path = Base.lproj/LaunchScreen.storyboard; sourceTree = "<group>"; };
		417D67B525069B7600FA19BA /* Info.plist */ = {isa = PBXFileReference; lastKnownFileType = text.plist.xml; path = Info.plist; sourceTree = "<group>"; };
		417D67BA25069B7600FA19BA /* StampTests.xctest */ = {isa = PBXFileReference; explicitFileType = wrapper.cfbundle; includeInIndex = 0; path = StampTests.xctest; sourceTree = BUILT_PRODUCTS_DIR; };
		417D67BE25069B7600FA19BA /* StampTests.swift */ = {isa = PBXFileReference; lastKnownFileType = sourcecode.swift; path = StampTests.swift; sourceTree = "<group>"; };
		417D67C025069B7600FA19BA /* Info.plist */ = {isa = PBXFileReference; lastKnownFileType = text.plist.xml; path = Info.plist; sourceTree = "<group>"; };
		417D67C525069B7600FA19BA /* StampUITests.xctest */ = {isa = PBXFileReference; explicitFileType = wrapper.cfbundle; includeInIndex = 0; path = StampUITests.xctest; sourceTree = BUILT_PRODUCTS_DIR; };
		417D67C925069B7600FA19BA /* StampUITests.swift */ = {isa = PBXFileReference; lastKnownFileType = sourcecode.swift; path = StampUITests.swift; sourceTree = "<group>"; };
		417D67CB25069B7600FA19BA /* Info.plist */ = {isa = PBXFileReference; lastKnownFileType = text.plist.xml; path = Info.plist; sourceTree = "<group>"; };
		417D67F725069CF800FA19BA /* hana.png */ = {isa = PBXFileReference; lastKnownFileType = image.png; path = hana.png; sourceTree = "<group>"; };
		417D67F825069CF800FA19BA /* onpu.png */ = {isa = PBXFileReference; lastKnownFileType = image.png; path = onpu.png; sourceTree = "<group>"; };
		417D67F925069CF800FA19BA /* hoshi.png */ = {isa = PBXFileReference; lastKnownFileType = image.png; path = hoshi.png; sourceTree = "<group>"; };
		417D67FA25069CF800FA19BA /* background.png */ = {isa = PBXFileReference; lastKnownFileType = image.png; path = background.png; sourceTree = "<group>"; };
		417D67FB25069CF800FA19BA /* shitumon.png */ = {isa = PBXFileReference; lastKnownFileType = image.png; path = shitumon.png; sourceTree = "<group>"; };
/* End PBXFileReference section */

/* Begin PBXFrameworksBuildPhase section */
		417D67A125069B7400FA19BA /* Frameworks */ = {
			isa = PBXFrameworksBuildPhase;
			buildActionMask = 2147483647;
			files = (
			);
			runOnlyForDeploymentPostprocessing = 0;
		};
		417D67B725069B7600FA19BA /* Frameworks */ = {
			isa = PBXFrameworksBuildPhase;
			buildActionMask = 2147483647;
			files = (
			);
			runOnlyForDeploymentPostprocessing = 0;
		};
		417D67C225069B7600FA19BA /* Frameworks */ = {
			isa = PBXFrameworksBuildPhase;
			buildActionMask = 2147483647;
			files = (
			);
			runOnlyForDeploymentPostprocessing = 0;
		};
/* End PBXFrameworksBuildPhase section */

/* Begin PBXGroup section */
		417D679B25069B7400FA19BA = {
			isa = PBXGroup;
			children = (
				417D67A625069B7400FA19BA /* Stamp */,
				417D67BD25069B7600FA19BA /* StampTests */,
				417D67C825069B7600FA19BA /* StampUITests */,
				417D67A525069B7400FA19BA /* Products */,
			);
			sourceTree = "<group>";
		};
		417D67A525069B7400FA19BA /* Products */ = {
			isa = PBXGroup;
			children = (
				417D67A425069B7400FA19BA /* Stamp.app */,
				417D67BA25069B7600FA19BA /* StampTests.xctest */,
				417D67C525069B7600FA19BA /* StampUITests.xctest */,
			);
			name = Products;
			sourceTree = "<group>";
		};
		417D67A625069B7400FA19BA /* Stamp */ = {
			isa = PBXGroup;
			children = (
				417D67F625069CF800FA19BA /* Stamp素材 */,
				417D67A725069B7400FA19BA /* AppDelegate.swift */,
				417D67A925069B7400FA19BA /* SceneDelegate.swift */,
				417D67AB25069B7400FA19BA /* ViewController.swift */,
				417D67AD25069B7400FA19BA /* Main.storyboard */,
				417D67B025069B7600FA19BA /* Assets.xcassets */,
				417D67B225069B7600FA19BA /* LaunchScreen.storyboard */,
				417D67B525069B7600FA19BA /* Info.plist */,
			);
			path = Stamp;
			sourceTree = "<group>";
		};
		417D67BD25069B7600FA19BA /* StampTests */ = {
			isa = PBXGroup;
			children = (
				417D67BE25069B7600FA19BA /* StampTests.swift */,
				417D67C025069B7600FA19BA /* Info.plist */,
			);
			path = StampTests;
			sourceTree = "<group>";
		};
		417D67C825069B7600FA19BA /* StampUITests */ = {
			isa = PBXGroup;
			children = (
				417D67C925069B7600FA19BA /* StampUITests.swift */,
				417D67CB25069B7600FA19BA /* Info.plist */,
			);
			path = StampUITests;
			sourceTree = "<group>";
		};
		417D67F625069CF800FA19BA /* Stamp素材 */ = {
			isa = PBXGroup;
			children = (
				417D67F725069CF800FA19BA /* hana.png */,
				417D67F825069CF800FA19BA /* onpu.png */,
				417D67F925069CF800FA19BA /* hoshi.png */,
				417D67FA25069CF800FA19BA /* background.png */,
				417D67FB25069CF800FA19BA /* shitumon.png */,
			);
			path = "Stamp素材";
			sourceTree = "<group>";
		};
/* End PBXGroup section */

/* Begin PBXNativeTarget section */
		417D67A325069B7400FA19BA /* Stamp */ = {
			isa = PBXNativeTarget;
			buildConfigurationList = 417D67CE25069B7600FA19BA /* Build configuration list for PBXNativeTarget "Stamp" */;
			buildPhases = (
				417D67A025069B7400FA19BA /* Sources */,
				417D67A125069B7400FA19BA /* Frameworks */,
				417D67A225069B7400FA19BA /* Resources */,
			);
			buildRules = (
			);
			dependencies = (
			);
			name = Stamp;
			productName = Stamp;
			productReference = 417D67A425069B7400FA19BA /* Stamp.app */;
			productType = "com.apple.product-type.application";
		};
		417D67B925069B7600FA19BA /* StampTests */ = {
			isa = PBXNativeTarget;
			buildConfigurationList = 417D67D125069B7600FA19BA /* Build configuration list for PBXNativeTarget "StampTests" */;
			buildPhases = (
				417D67B625069B7600FA19BA /* Sources */,
				417D67B725069B7600FA19BA /* Frameworks */,
				417D67B825069B7600FA19BA /* Resources */,
			);
			buildRules = (
			);
			dependencies = (
				417D67BC25069B7600FA19BA /* PBXTargetDependency */,
			);
			name = StampTests;
			productName = StampTests;
			productReference = 417D67BA25069B7600FA19BA /* StampTests.xctest */;
			productType = "com.apple.product-type.bundle.unit-test";
		};
		417D67C425069B7600FA19BA /* StampUITests */ = {
			isa = PBXNativeTarget;
			buildConfigurationList = 417D67D425069B7600FA19BA /* Build configuration list for PBXNativeTarget "StampUITests" */;
			buildPhases = (
				417D67C125069B7600FA19BA /* Sources */,
				417D67C225069B7600FA19BA /* Frameworks */,
				417D67C325069B7600FA19BA /* Resources */,
			);
			buildRules = (
			);
			dependencies = (
				417D67C725069B7600FA19BA /* PBXTargetDependency */,
			);
			name = StampUITests;
			productName = StampUITests;
			productReference = 417D67C525069B7600FA19BA /* StampUITests.xctest */;
			productType = "com.apple.product-type.bundle.ui-testing";
		};
/* End PBXNativeTarget section */

/* Begin PBXProject section */
		417D679C25069B7400FA19BA /* Project object */ = {
			isa = PBXProject;
			attributes = {
				LastSwiftUpdateCheck = 1170;
				LastUpgradeCheck = 1170;
				ORGANIZATIONNAME = IdoUmi;
				TargetAttributes = {
					417D67A325069B7400FA19BA = {
						CreatedOnToolsVersion = 11.7;
					};
					417D67B925069B7600FA19BA = {
						CreatedOnToolsVersion = 11.7;
						TestTargetID = 417D67A325069B7400FA19BA;
					};
					417D67C425069B7600FA19BA = {
						CreatedOnToolsVersion = 11.7;
						TestTargetID = 417D67A325069B7400FA19BA;
					};
				};
			};
			buildConfigurationList = 417D679F25069B7400FA19BA /* Build configuration list for PBXProject "Stamp" */;
			compatibilityVersion = "Xcode 9.3";
			developmentRegion = en;
			hasScannedForEncodings = 0;
			knownRegions = (
				en,
				Base,
			);
			mainGroup = 417D679B25069B7400FA19BA;
			productRefGroup = 417D67A525069B7400FA19BA /* Products */;
			projectDirPath = "";
			projectRoot = "";
			targets = (
				417D67A325069B7400FA19BA /* Stamp */,
				417D67B925069B7600FA19BA /* StampTests */,
				417D67C425069B7600FA19BA /* StampUITests */,
			);
		};
/* End PBXProject section */

/* Begin PBXResourcesBuildPhase section */
		417D67A225069B7400FA19BA /* Resources */ = {
			isa = PBXResourcesBuildPhase;
			buildActionMask = 2147483647;
			files = (
				417D67B425069B7600FA19BA /* LaunchScreen.storyboard in Resources */,
				417D67FE25069CF800FA19BA /* hoshi.png in Resources */,
				417D67FF25069CF800FA19BA /* background.png in Resources */,
				417D67FD25069CF800FA19BA /* onpu.png in Resources */,
				417D67B125069B7600FA19BA /* Assets.xcassets in Resources */,
				417D67AF25069B7400FA19BA /* Main.storyboard in Resources */,
				417D680025069CF800FA19BA /* shitumon.png in Resources */,
				417D67FC25069CF800FA19BA /* hana.png in Resources */,
			);
			runOnlyForDeploymentPostprocessing = 0;
		};
		417D67B825069B7600FA19BA /* Resources */ = {
			isa = PBXResourcesBuildPhase;
			buildActionMask = 2147483647;
			files = (
			);
			runOnlyForDeploymentPostprocessing = 0;
		};
		417D67C325069B7600FA19BA /* Resources */ = {
			isa = PBXResourcesBuildPhase;
			buildActionMask = 2147483647;
			files = (
			);
			runOnlyForDeploymentPostprocessing = 0;
		};
/* End PBXResourcesBuildPhase section */

/* Begin PBXSourcesBuildPhase section */
		417D67A025069B7400FA19BA /* Sources */ = {
			isa = PBXSourcesBuildPhase;
			buildActionMask = 2147483647;
			files = (
				417D67AC25069B7400FA19BA /* ViewController.swift in Sources */,
				417D67A825069B7400FA19BA /* AppDelegate.swift in Sources */,
				417D67AA25069B7400FA19BA /* SceneDelegate.swift in Sources */,
			);
			runOnlyForDeploymentPostprocessing = 0;
		};
		417D67B625069B7600FA19BA /* Sources */ = {
			isa = PBXSourcesBuildPhase;
			buildActionMask = 2147483647;
			files = (
				417D67BF25069B7600FA19BA /* StampTests.swift in Sources */,
			);
			runOnlyForDeploymentPostprocessing = 0;
		};
		417D67C125069B7600FA19BA /* Sources */ = {
			isa = PBXSourcesBuildPhase;
			buildActionMask = 2147483647;
			files = (
				417D67CA25069B7600FA19BA /* StampUITests.swift in Sources */,
			);
			runOnlyForDeploymentPostprocessing = 0;
		};
/* End PBXSourcesBuildPhase section */

/* Begin PBXTargetDependency section */
		417D67BC25069B7600FA19BA /* PBXTargetDependency */ = {
			isa = PBXTargetDependency;
			target = 417D67A325069B7400FA19BA /* Stamp */;
			targetProxy = 417D67BB25069B7600FA19BA /* PBXContainerItemProxy */;
		};
		417D67C725069B7600FA19BA /* PBXTargetDependency */ = {
			isa = PBXTargetDependency;
			target = 417D67A325069B7400FA19BA /* Stamp */;
			targetProxy = 417D67C625069B7600FA19BA /* PBXContainerItemProxy */;
		};
/* End PBXTargetDependency section */

/* Begin PBXVariantGroup section */
		417D67AD25069B7400FA19BA /* Main.storyboard */ = {
			isa = PBXVariantGroup;
			children = (
				417D67AE25069B7400FA19BA /* Base */,
			);
			name = Main.storyboard;
			sourceTree = "<group>";
		};
		417D67B225069B7600FA19BA /* LaunchScreen.storyboard */ = {
			isa = PBXVariantGroup;
			children = (
				417D67B325069B7600FA19BA /* Base */,
			);
			name = LaunchScreen.storyboard;
			sourceTree = "<group>";
		};
/* End PBXVariantGroup section */

/* Begin XCBuildConfiguration section */
		417D67CC25069B7600FA19BA /* Debug */ = {
			isa = XCBuildConfiguration;
			buildSettings = {
				ALWAYS_SEARCH_USER_PATHS = NO;
				CLANG_ANALYZER_NONNULL = YES;
				CLANG_ANALYZER_NUMBER_OBJECT_CONVERSION = YES_AGGRESSIVE;
				CLANG_CXX_LANGUAGE_STANDARD = "gnu++14";
				CLANG_CXX_LIBRARY = "libc++";
				CLANG_ENABLE_MODULES = YES;
				CLANG_ENABLE_OBJC_ARC = YES;
				CLANG_ENABLE_OBJC_WEAK = YES;
				CLANG_WARN_BLOCK_CAPTURE_AUTORELEASING = YES;
				CLANG_WARN_BOOL_CONVERSION = YES;
				CLANG_WARN_COMMA = YES;
				CLANG_WARN_CONSTANT_CONVERSION = YES;
				CLANG_WARN_DEPRECATED_OBJC_IMPLEMENTATIONS = YES;
				CLANG_WARN_DIRECT_OBJC_ISA_USAGE = YES_ERROR;
				CLANG_WARN_DOCUMENTATION_COMMENTS = YES;
				CLANG_WARN_EMPTY_BODY = YES;
				CLANG_WARN_ENUM_CONVERSION = YES;
				CLANG_WARN_INFINITE_RECURSION = YES;
				CLANG_WARN_INT_CONVERSION = YES;
				CLANG_WARN_NON_LITERAL_NULL_CONVERSION = YES;
				CLANG_WARN_OBJC_IMPLICIT_RETAIN_SELF = YES;
				CLANG_WARN_OBJC_LITERAL_CONVERSION = YES;
				CLANG_WARN_OBJC_ROOT_CLASS = YES_ERROR;
				CLANG_WARN_RANGE_LOOP_ANALYSIS = YES;
				CLANG_WARN_STRICT_PROTOTYPES = YES;
				CLANG_WARN_SUSPICIOUS_MOVE = YES;
				CLANG_WARN_UNGUARDED_AVAILABILITY = YES_AGGRESSIVE;
				CLANG_WARN_UNREACHABLE_CODE = YES;
				CLANG_WARN__DUPLICATE_METHOD_MATCH = YES;
				COPY_PHASE_STRIP = NO;
				DEBUG_INFORMATION_FORMAT = dwarf;
				ENABLE_STRICT_OBJC_MSGSEND = YES;
				ENABLE_TESTABILITY = YES;
				GCC_C_LANGUAGE_STANDARD = gnu11;
				GCC_DYNAMIC_NO_PIC = NO;
				GCC_NO_COMMON_BLOCKS = YES;
				GCC_OPTIMIZATION_LEVEL = 0;
				GCC_PREPROCESSOR_DEFINITIONS = (
					"DEBUG=1",
					"$(inherited)",
				);
				GCC_WARN_64_TO_32_BIT_CONVERSION = YES;
				GCC_WARN_ABOUT_RETURN_TYPE = YES_ERROR;
				GCC_WARN_UNDECLARED_SELECTOR = YES;
				GCC_WARN_UNINITIALIZED_AUTOS = YES_AGGRESSIVE;
				GCC_WARN_UNUSED_FUNCTION = YES;
				GCC_WARN_UNUSED_VARIABLE = YES;
				IPHONEOS_DEPLOYMENT_TARGET = 13.7;
				MTL_ENABLE_DEBUG_INFO = INCLUDE_SOURCE;
				MTL_FAST_MATH = YES;
				ONLY_ACTIVE_ARCH = YES;
				SDKROOT = iphoneos;
				SWIFT_ACTIVE_COMPILATION_CONDITIONS = DEBUG;
				SWIFT_OPTIMIZATION_LEVEL = "-Onone";
			};
			name = Debug;
		};
		417D67CD25069B7600FA19BA /* Release */ = {
			isa = XCBuildConfiguration;
			buildSettings = {
				ALWAYS_SEARCH_USER_PATHS = NO;
				CLANG_ANALYZER_NONNULL = YES;
				CLANG_ANALYZER_NUMBER_OBJECT_CONVERSION = YES_AGGRESSIVE;
				CLANG_CXX_LANGUAGE_STANDARD = "gnu++14";
				CLANG_CXX_LIBRARY = "libc++";
				CLANG_ENABLE_MODULES = YES;
				CLANG_ENABLE_OBJC_ARC = YES;
				CLANG_ENABLE_OBJC_WEAK = YES;
				CLANG_WARN_BLOCK_CAPTURE_AUTORELEASING = YES;
				CLANG_WARN_BOOL_CONVERSION = YES;
				CLANG_WARN_COMMA = YES;
				CLANG_WARN_CONSTANT_CONVERSION = YES;
				CLANG_WARN_DEPRECATED_OBJC_IMPLEMENTATIONS = YES;
				CLANG_WARN_DIRECT_OBJC_ISA_USAGE = YES_ERROR;
				CLANG_WARN_DOCUMENTATION_COMMENTS = YES;
				CLANG_WARN_EMPTY_BODY = YES;
				CLANG_WARN_ENUM_CONVERSION = YES;
				CLANG_WARN_INFINITE_RECURSION = YES;
				CLANG_WARN_INT_CONVERSION = YES;
				CLANG_WARN_NON_LITERAL_NULL_CONVERSION = YES;
				CLANG_WARN_OBJC_IMPLICIT_RETAIN_SELF = YES;
				CLANG_WARN_OBJC_LITERAL_CONVERSION = YES;
				CLANG_WARN_OBJC_ROOT_CLASS = YES_ERROR;
				CLANG_WARN_RANGE_LOOP_ANALYSIS = YES;
				CLANG_WARN_STRICT_PROTOTYPES = YES;
				CLANG_WARN_SUSPICIOUS_MOVE = YES;
				CLANG_WARN_UNGUARDED_AVAILABILITY = YES_AGGRESSIVE;
				CLANG_WARN_UNREACHABLE_CODE = YES;
				CLANG_WARN__DUPLICATE_METHOD_MATCH = YES;
				COPY_PHASE_STRIP = NO;
				DEBUG_INFORMATION_FORMAT = "dwarf-with-dsym";
				ENABLE_NS_ASSERTIONS = NO;
				ENABLE_STRICT_OBJC_MSGSEND = YES;
				GCC_C_LANGUAGE_STANDARD = gnu11;
				GCC_NO_COMMON_BLOCKS = YES;
				GCC_WARN_64_TO_32_BIT_CONVERSION = YES;
				GCC_WARN_ABOUT_RETURN_TYPE = YES_ERROR;
				GCC_WARN_UNDECLARED_SELECTOR = YES;
				GCC_WARN_UNINITIALIZED_AUTOS = YES_AGGRESSIVE;
				GCC_WARN_UNUSED_FUNCTION = YES;
				GCC_WARN_UNUSED_VARIABLE = YES;
				IPHONEOS_DEPLOYMENT_TARGET = 13.7;
				MTL_ENABLE_DEBUG_INFO = NO;
				MTL_FAST_MATH = YES;
				SDKROOT = iphoneos;
				SWIFT_COMPILATION_MODE = wholemodule;
				SWIFT_OPTIMIZATION_LEVEL = "-O";
				VALIDATE_PRODUCT = YES;
			};
			name = Release;
		};
		417D67CF25069B7600FA19BA /* Debug */ = {
			isa = XCBuildConfiguration;
			buildSettings = {
				ASSETCATALOG_COMPILER_APPICON_NAME = AppIcon;
				CODE_SIGN_STYLE = Automatic;
				DEVELOPMENT_TEAM = 6PN9A6G6V4;
				INFOPLIST_FILE = Stamp/Info.plist;
				LD_RUNPATH_SEARCH_PATHS = (
					"$(inherited)",
					"@executable_path/Frameworks",
				);
				PRODUCT_BUNDLE_IDENTIFIER = app.ido.umi.Stamp;
				PRODUCT_NAME = "$(TARGET_NAME)";
				SWIFT_VERSION = 5.0;
				TARGETED_DEVICE_FAMILY = "1,2";
			};
			name = Debug;
		};
		417D67D025069B7600FA19BA /* Release */ = {
			isa = XCBuildConfiguration;
			buildSettings = {
				ASSETCATALOG_COMPILER_APPICON_NAME = AppIcon;
				CODE_SIGN_STYLE = Automatic;
				DEVELOPMENT_TEAM = 6PN9A6G6V4;
				INFOPLIST_FILE = Stamp/Info.plist;
				LD_RUNPATH_SEARCH_PATHS = (
					"$(inherited)",
					"@executable_path/Frameworks",
				);
				PRODUCT_BUNDLE_IDENTIFIER = app.ido.umi.Stamp;
				PRODUCT_NAME = "$(TARGET_NAME)";
				SWIFT_VERSION = 5.0;
				TARGETED_DEVICE_FAMILY = "1,2";
			};
			name = Release;
		};
		417D67D225069B7600FA19BA /* Debug */ = {
			isa = XCBuildConfiguration;
			buildSettings = {
				ALWAYS_EMBED_SWIFT_STANDARD_LIBRARIES = YES;
				BUNDLE_LOADER = "$(TEST_HOST)";
				CODE_SIGN_STYLE = Automatic;
				INFOPLIST_FILE = StampTests/Info.plist;
				IPHONEOS_DEPLOYMENT_TARGET = 13.7;
				LD_RUNPATH_SEARCH_PATHS = (
					"$(inherited)",
					"@executable_path/Frameworks",
					"@loader_path/Frameworks",
				);
				PRODUCT_BUNDLE_IDENTIFIER = app.ido.umi.StampTests;
				PRODUCT_NAME = "$(TARGET_NAME)";
				SWIFT_VERSION = 5.0;
				TARGETED_DEVICE_FAMILY = "1,2";
				TEST_HOST = "$(BUILT_PRODUCTS_DIR)/Stamp.app/Stamp";
			};
			name = Debug;
		};
		417D67D325069B7600FA19BA /* Release */ = {
			isa = XCBuildConfiguration;
			buildSettings = {
				ALWAYS_EMBED_SWIFT_STANDARD_LIBRARIES = YES;
				BUNDLE_LOADER = "$(TEST_HOST)";
				CODE_SIGN_STYLE = Automatic;
				INFOPLIST_FILE = StampTests/Info.plist;
				IPHONEOS_DEPLOYMENT_TARGET = 13.7;
				LD_RUNPATH_SEARCH_PATHS = (
					"$(inherited)",
					"@executable_path/Frameworks",
					"@loader_path/Frameworks",
				);
				PRODUCT_BUNDLE_IDENTIFIER = app.ido.umi.StampTests;
				PRODUCT_NAME = "$(TARGET_NAME)";
				SWIFT_VERSION = 5.0;
				TARGETED_DEVICE_FAMILY = "1,2";
				TEST_HOST = "$(BUILT_PRODUCTS_DIR)/Stamp.app/Stamp";
			};
			name = Release;
		};
		417D67D525069B7600FA19BA /* Debug */ = {
			isa = XCBuildConfiguration;
			buildSettings = {
				ALWAYS_EMBED_SWIFT_STANDARD_LIBRARIES = YES;
				CODE_SIGN_STYLE = Automatic;
				INFOPLIST_FILE = StampUITests/Info.plist;
				LD_RUNPATH_SEARCH_PATHS = (
					"$(inherited)",
					"@executable_path/Frameworks",
					"@loader_path/Frameworks",
				);
				PRODUCT_BUNDLE_IDENTIFIER = app.ido.umi.StampUITests;
				PRODUCT_NAME = "$(TARGET_NAME)";
				SWIFT_VERSION = 5.0;
				TARGETED_DEVICE_FAMILY = "1,2";
				TEST_TARGET_NAME = Stamp;
			};
			name = Debug;
		};
		417D67D625069B7600FA19BA /* Release */ = {
			isa = XCBuildConfiguration;
			buildSettings = {
				ALWAYS_EMBED_SWIFT_STANDARD_LIBRARIES = YES;
				CODE_SIGN_STYLE = Automatic;
				INFOPLIST_FILE = StampUITests/Info.plist;
				LD_RUNPATH_SEARCH_PATHS = (
					"$(inherited)",
					"@executable_path/Frameworks",
					"@loader_path/Frameworks",
				);
				PRODUCT_BUNDLE_IDENTIFIER = app.ido.umi.StampUITests;
				PRODUCT_NAME = "$(TARGET_NAME)";
				SWIFT_VERSION = 5.0;
				TARGETED_DEVICE_FAMILY = "1,2";
				TEST_TARGET_NAME = Stamp;
			};
			name = Release;
		};
/* End XCBuildConfiguration section */

/* Begin XCConfigurationList section */
		417D679F25069B7400FA19BA /* Build configuration list for PBXProject "Stamp" */ = {
			isa = XCConfigurationList;
			buildConfigurations = (
				417D67CC25069B7600FA19BA /* Debug */,
				417D67CD25069B7600FA19BA /* Release */,
			);
			defaultConfigurationIsVisible = 0;
			defaultConfigurationName = Release;
		};
		417D67CE25069B7600FA19BA /* Build configuration list for PBXNativeTarget "Stamp" */ = {
			isa = XCConfigurationList;
			buildConfigurations = (
				417D67CF25069B7600FA19BA /* Debug */,
				417D67D025069B7600FA19BA /* Release */,
			);
			defaultConfigurationIsVisible = 0;
			defaultConfigurationName = Release;
		};
		417D67D125069B7600FA19BA /* Build configuration list for PBXNativeTarget "StampTests" */ = {
			isa = XCConfigurationList;
			buildConfigurations = (
				417D67D225069B7600FA19BA /* Debug */,
				417D67D325069B7600FA19BA /* Release */,
			);
			defaultConfigurationIsVisible = 0;
			defaultConfigurationName = Release;
		};
		417D67D425069B7600FA19BA /* Build configuration list for PBXNativeTarget "StampUITests" */ = {
			isa = XCConfigurationList;
			buildConfigurations = (
				417D67D525069B7600FA19BA /* Debug */,
				417D67D625069B7600FA19BA /* Release */,
			);
			defaultConfigurationIsVisible = 0;
			defaultConfigurationName = Release;
		};
/* End XCConfigurationList section */
	};
	rootObject = 417D679C25069B7400FA19BA /* Project object */;
}
